{
  "name": "alice",
  "version": "1.0.0",
  "lockfileVersion": 1,
  "requires": true,
  "dependencies": {
    "@types/node": {
      "version": "13.9.5",
      "resolved": "https://registry.npmjs.org/@types/node/-/node-13.9.5.tgz",
      "integrity": "sha512-hkzMMD3xu6BrJpGVLeQ3htQQNAcOrJjX7WFmtK8zWQpz2UJf13LCFF2ALA7c9OVdvc2vQJeDdjfR35M0sBCxvw=="
    },
    "big-integer": {
      "version": "1.6.48",
      "resolved": "https://registry.npmjs.org/big-integer/-/big-integer-1.6.48.tgz",
      "integrity": "sha512-j51egjPa7/i+RdiRuJbPdJ2FIUYYPhvYLjzoYbcMMm62ooO6F94fETG4MTs46zPAF9Brs04OajboA/qTGuz78w=="
    },
    "bigint-conversion": {
      "version": "2.1.2",
      "resolved": "https://registry.npmjs.org/bigint-conversion/-/bigint-conversion-2.1.2.tgz",
      "integrity": "sha512-GL2pCypHH2xYtkzh5wzBHuH3cKjQ5PmLKMYw0z429BBDeZGf7dM6eCAiEJe+hGjdjGIFDWK9MNCnllVeY4Wb+w==",
      "requires": {
        "@types/node": "^13.9.3"
      }
    },
    "bigint-crypto-utils": {
      "version": "3.0.1",
      "resolved": "https://registry.npmjs.org/bigint-crypto-utils/-/bigint-crypto-utils-3.0.1.tgz",
      "integrity": "sha512-GR1KIj5CeNc7GliH7GymIodS7+DdaQl2+/9+YlGsWiMsjB5cNNCaCMhi/nKbIXOnokti5OGDa7HtaHWKEknSBw==",
      "requires": {
        "@types/node": ">=10"
      }
    },
    "object-sha": {
      "version": "1.0.5",
      "resolved": "https://registry.npmjs.org/object-sha/-/object-sha-1.0.5.tgz",
      "integrity": "sha512-LGadF7J97UHragRzIKx0OUmEDjkC3GjLXay0BObGf1RkWMYVlddHyza72bC+PDs5+mmOusYotIbwzYrucwAXZQ=="
    },
    "paillier-bigint": {
      "version": "3.0.4",
      "resolved": "https://registry.npmjs.org/paillier-bigint/-/paillier-bigint-3.0.4.tgz",
      "integrity": "sha512-N3c/5+0UT/AFFtURRhvpRTL+HZsGkpY+f56Bpb8g0XefMFQTB5Uep3bu2V27GzCjKYsUkCWT3yaNu88kISMxFA==",
      "requires": {
        "bigint-crypto-utils": "^3.0.0"
      }
    },
    "paillier-js": {
      "version": "0.9.3",
      "resolved": "https://registry.npmjs.org/paillier-js/-/paillier-js-0.9.3.tgz",
      "integrity": "sha512-cSiA1ji/SriNQVinIOIKUjsMJ2RFfYshi+RqoRMn0mo9YQIYCVambqnvQ4hzCte4cvqogQEJMHlTrsvNn3gDfw==",
      "requires": {
        "big-integer": "^1.6.48"
      }
    },
    "shamirs-secret-sharing": {
      "version": "1.0.1",
      "resolved": "https://registry.npmjs.org/shamirs-secret-sharing/-/shamirs-secret-sharing-1.0.1.tgz",
      "integrity": "sha512-+sbTZJfis6EtDZTgkf0gSUahXDDuFRY8GK0DUw0lXqMDN54a5ywLD6D2sab45AA2SLQxTS4gB0kUmelNVaPVlA=="
    }
  }
}
